{
  "pins" : [
    {
      "identity" : "customnetwork",
      "kind" : "remoteSourceControl",
      "location" : "https://github.com/aunishkewat/CustomNetwork.git",
      "state" : {
        "branch" : "main",
        "revision" : "73a456f528fc6c6cd353b318277e77c36a7c5523"
      }
    }
  ],
  "version" : 2
}
