{
  "pins" : [
    {
      "identity" : "customnetworkpackage",
      "kind" : "remoteSourceControl",
      "location" : "https://github.com/aunishkewat/CustomNetworkPackage",
      "state" : {
        "branch" : "main",
        "revision" : "8509f757ab1431ab2729fbdedcb98a10b4b7873a"
      }
    }
  ],
  "version" : 2
}
